// !$*UTF8*$!
{
	archiveVersion = 1;
	classes = {
	};
	objectVersion = 46;
	objects = {

/* Begin PBXBuildFile section */
		29DFBC5918F505DB0071CBB5 /* UIKit.framework in Frameworks */ = {isa = PBXBuildFile; fileRef = 29DFBC5818F505DB0071CBB5 /* UIKit.framework */; };
		29DFBC5B18F505DB0071CBB5 /* Foundation.framework in Frameworks */ = {isa = PBXBuildFile; fileRef = 29DFBC5A18F505DB0071CBB5 /* Foundation.framework */; };
		29DFBC5D18F505DB0071CBB5 /* CoreGraphics.framework in Frameworks */ = {isa = PBXBuildFile; fileRef = 29DFBC5C18F505DB0071CBB5 /* CoreGraphics.framework */; };
		29DFBC6318F505DB0071CBB5 /* InfoPlist.strings in Resources */ = {isa = PBXBuildFile; fileRef = 29DFBC6118F505DB0071CBB5 /* InfoPlist.strings */; };
		29DFBC6518F505DB0071CBB5 /* main.m in Sources */ = {isa = PBXBuildFile; fileRef = 29DFBC6418F505DB0071CBB5 /* main.m */; };
		29DFBC6918F505DB0071CBB5 /* AppDelegate.m in Sources */ = {isa = PBXBuildFile; fileRef = 29DFBC6818F505DB0071CBB5 /* AppDelegate.m */; };
		29DFBC6B18F505DB0071CBB5 /* Default.png in Resources */ = {isa = PBXBuildFile; fileRef = 29DFBC6A18F505DB0071CBB5 /* Default.png */; };
		29DFBC6D18F505DB0071CBB5 /* Default@2x.png in Resources */ = {isa = PBXBuildFile; fileRef = 29DFBC6C18F505DB0071CBB5 /* Default@2x.png */; };
		29DFBC6F18F505DB0071CBB5 /* Default-568h@2x.png in Resources */ = {isa = PBXBuildFile; fileRef = 29DFBC6E18F505DB0071CBB5 /* Default-568h@2x.png */; };
		29DFBC7218F505DB0071CBB5 /* ViewController.m in Sources */ = {isa = PBXBuildFile; fileRef = 29DFBC7118F505DB0071CBB5 /* ViewController.m */; };
		29DFBC7518F505DB0071CBB5 /* ViewController.xib in Resources */ = {isa = PBXBuildFile; fileRef = 29DFBC7318F505DB0071CBB5 /* ViewController.xib */; };
/* End PBXBuildFile section */

/* Begin PBXFileReference section */
		29DFBC5518F505DB0071CBB5 /* MentalMath.app */ = {isa = PBXFileReference; explicitFileType = wrapper.application; includeInIndex = 0; path = MentalMath.app; sourceTree = BUILT_PRODUCTS_DIR; };
		29DFBC5818F505DB0071CBB5 /* UIKit.framework */ = {isa = PBXFileReference; lastKnownFileType = wrapper.framework; name = UIKit.framework; path = System/Library/Frameworks/UIKit.framework; sourceTree = SDKROOT; };
		29DFBC5A18F505DB0071CBB5 /* Foundation.framework */ = {isa = PBXFileReference; lastKnownFileType = wrapper.framework; name = Foundation.framework; path = System/Library/Frameworks/Foundation.framework; sourceTree = SDKROOT; };
		29DFBC5C18F505DB0071CBB5 /* CoreGraphics.framework */ = {isa = PBXFileReference; lastKnownFileType = wrapper.framework; name = CoreGraphics.framework; path = System/Library/Frameworks/CoreGraphics.framework; sourceTree = SDKROOT; };
		29DFBC6018F505DB0071CBB5 /* MentalMath-Info.plist */ = {isa = PBXFileReference; lastKnownFileType = text.plist.xml; path = "MentalMath-Info.plist"; sourceTree = "<group>"; };
		29DFBC6218F505DB0071CBB5 /* en */ = {isa = PBXFileReference; lastKnownFileType = text.plist.strings; name = en; path = en.lproj/InfoPlist.strings; sourceTree = "<group>"; };
		29DFBC6418F505DB0071CBB5 /* main.m */ = {isa = PBXFileReference; lastKnownFileType = sourcecode.c.objc; path = main.m; sourceTree = "<group>"; };
		29DFBC6618F505DB0071CBB5 /* MentalMath-Prefix.pch */ = {isa = PBXFileReference; lastKnownFileType = sourcecode.c.h; path = "MentalMath-Prefix.pch"; sourceTree = "<group>"; };
		29DFBC6718F505DB0071CBB5 /* AppDelegate.h */ = {isa = PBXFileReference; lastKnownFileType = sourcecode.c.h; path = AppDelegate.h; sourceTree = "<group>"; };
		29DFBC6818F505DB0071CBB5 /* AppDelegate.m */ = {isa = PBXFileReference; lastKnownFileType = sourcecode.c.objc; path = AppDelegate.m; sourceTree = "<group>"; };
		29DFBC6A18F505DB0071CBB5 /* Default.png */ = {isa = PBXFileReference; lastKnownFileType = image.png; path = Default.png; sourceTree = "<group>"; };
		29DFBC6C18F505DB0071CBB5 /* Default@2x.png */ = {isa = PBXFileReference; lastKnownFileType = image.png; path = "Default@2x.png"; sourceTree = "<group>"; };
		29DFBC6E18F505DB0071CBB5 /* Default-568h@2x.png */ = {isa = PBXFileReference; lastKnownFileType = image.png; path = "Default-568h@2x.png"; sourceTree = "<group>"; };
		29DFBC7018F505DB0071CBB5 /* ViewController.h */ = {isa = PBXFileReference; lastKnownFileType = sourcecode.c.h; path = ViewController.h; sourceTree = "<group>"; };
		29DFBC7118F505DB0071CBB5 /* ViewController.m */ = {isa = PBXFileReference; lastKnownFileType = sourcecode.c.objc; path = ViewController.m; sourceTree = "<group>"; };
		29DFBC7418F505DB0071CBB5 /* en */ = {isa = PBXFileReference; lastKnownFileType = file.xib; name = en; path = en.lproj/ViewController.xib; sourceTree = "<group>"; };
/* End PBXFileReference section */

/* Begin PBXFrameworksBuildPhase section */
		29DFBC5218F505DB0071CBB5 /* Frameworks */ = {
			isa = PBXFrameworksBuildPhase;
			buildActionMask = 2147483647;
			files = (
				29DFBC5918F505DB0071CBB5 /* UIKit.framework in Frameworks */,
				29DFBC5B18F505DB0071CBB5 /* Foundation.framework in Frameworks */,
				29DFBC5D18F505DB0071CBB5 /* CoreGraphics.framework in Frameworks */,
			);
			runOnlyForDeploymentPostprocessing = 0;
		};
/* End PBXFrameworksBuildPhase section */

/* Begin PBXGroup section */
		29DFBC4C18F505DB0071CBB5 = {
			isa = PBXGroup;
			children = (
				29DFBC5E18F505DB0071CBB5 /* MentalMath */,
				29DFBC5718F505DB0071CBB5 /* Frameworks */,
				29DFBC5618F505DB0071CBB5 /* Products */,
			);
			sourceTree = "<group>";
		};
		29DFBC5618F505DB0071CBB5 /* Products */ = {
			isa = PBXGroup;
			children = (
				29DFBC5518F505DB0071CBB5 /* MentalMath.app */,
			);
			name = Products;
			sourceTree = "<group>";
		};
		29DFBC5718F505DB0071CBB5 /* Frameworks */ = {
			isa = PBXGroup;
			children = (
				29DFBC5818F505DB0071CBB5 /* UIKit.framework */,
				29DFBC5A18F505DB0071CBB5 /* Foundation.framework */,
				29DFBC5C18F505DB0071CBB5 /* CoreGraphics.framework */,
			);
			name = Frameworks;
			sourceTree = "<group>";
		};
		29DFBC5E18F505DB0071CBB5 /* MentalMath */ = {
			isa = PBXGroup;
			children = (
				29DFBC6718F505DB0071CBB5 /* AppDelegate.h */,
				29DFBC6818F505DB0071CBB5 /* AppDelegate.m */,
				29DFBC7018F505DB0071CBB5 /* ViewController.h */,
				29DFBC7118F505DB0071CBB5 /* ViewController.m */,
				29DFBC7318F505DB0071CBB5 /* ViewController.xib */,
				29DFBC5F18F505DB0071CBB5 /* Supporting Files */,
			);
			path = MentalMath;
			sourceTree = "<group>";
		};
		29DFBC5F18F505DB0071CBB5 /* Supporting Files */ = {
			isa = PBXGroup;
			children = (
				29DFBC6018F505DB0071CBB5 /* MentalMath-Info.plist */,
				29DFBC6118F505DB0071CBB5 /* InfoPlist.strings */,
				29DFBC6418F505DB0071CBB5 /* main.m */,
				29DFBC6618F505DB0071CBB5 /* MentalMath-Prefix.pch */,
				29DFBC6A18F505DB0071CBB5 /* Default.png */,
				29DFBC6C18F505DB0071CBB5 /* Default@2x.png */,
				29DFBC6E18F505DB0071CBB5 /* Default-568h@2x.png */,
			);
			name = "Supporting Files";
			sourceTree = "<group>";
		};
/* End PBXGroup section */

/* Begin PBXNativeTarget section */
		29DFBC5418F505DB0071CBB5 /* MentalMath */ = {
			isa = PBXNativeTarget;
			buildConfigurationList = 29DFBC7818F505DB0071CBB5 /* Build configuration list for PBXNativeTarget "MentalMath" */;
			buildPhases = (
				29DFBC5118F505DB0071CBB5 /* Sources */,
				29DFBC5218F505DB0071CBB5 /* Frameworks */,
				29DFBC5318F505DB0071CBB5 /* Resources */,
			);
			buildRules = (
			);
			dependencies = (
			);
			name = MentalMath;
			productName = MentalMath;
			productReference = 29DFBC5518F505DB0071CBB5 /* MentalMath.app */;
			productType = "com.apple.product-type.application";
		};
/* End PBXNativeTarget section */

/* Begin PBXProject section */
		29DFBC4D18F505DB0071CBB5 /* Project object */ = {
			isa = PBXProject;
			attributes = {
				LastUpgradeCheck = 0460;
				ORGANIZATIONNAME = "Christophe Chong";
			};
			buildConfigurationList = 29DFBC5018F505DB0071CBB5 /* Build configuration list for PBXProject "MentalMath" */;
			compatibilityVersion = "Xcode 3.2";
			developmentRegion = English;
			hasScannedForEncodings = 0;
			knownRegions = (
				en,
			);
			mainGroup = 29DFBC4C18F505DB0071CBB5;
			productRefGroup = 29DFBC5618F505DB0071CBB5 /* Products */;
			projectDirPath = "";
			projectRoot = "";
			targets = (
				29DFBC5418F505DB0071CBB5 /* MentalMath */,
			);
		};
/* End PBXProject section */

/* Begin PBXResourcesBuildPhase section */
		29DFBC5318F505DB0071CBB5 /* Resources */ = {
			isa = PBXResourcesBuildPhase;
			buildActionMask = 2147483647;
			files = (
				29DFBC6318F505DB0071CBB5 /* InfoPlist.strings in Resources */,
				29DFBC6B18F505DB0071CBB5 /* Default.png in Resources */,
				29DFBC6D18F505DB0071CBB5 /* Default@2x.png in Resources */,
				29DFBC6F18F505DB0071CBB5 /* Default-568h@2x.png in Resources */,
				29DFBC7518F505DB0071CBB5 /* ViewController.xib in Resources */,
			);
			runOnlyForDeploymentPostprocessing = 0;
		};
/* End PBXResourcesBuildPhase section */

/* Begin PBXSourcesBuildPhase section */
		29DFBC5118F505DB0071CBB5 /* Sources */ = {
			isa = PBXSourcesBuildPhase;
			buildActionMask = 2147483647;
			files = (
				29DFBC6518F505DB0071CBB5 /* main.m in Sources */,
				29DFBC6918F505DB0071CBB5 /* AppDelegate.m in Sources */,
				29DFBC7218F505DB0071CBB5 /* ViewController.m in Sources */,
			);
			runOnlyForDeploymentPostprocessing = 0;
		};
/* End PBXSourcesBuildPhase section */

/* Begin PBXVariantGroup section */
		29DFBC6118F505DB0071CBB5 /* InfoPlist.strings */ = {
			isa = PBXVariantGroup;
			children = (
				29DFBC6218F505DB0071CBB5 /* en */,
			);
			name = InfoPlist.strings;
			sourceTree = "<group>";
		};
		29DFBC7318F505DB0071CBB5 /* ViewController.xib */ = {
			isa = PBXVariantGroup;
			children = (
				29DFBC7418F505DB0071CBB5 /* en */,
			);
			name = ViewController.xib;
			sourceTree = "<group>";
		};
/* End PBXVariantGroup section */

/* Begin XCBuildConfiguration section */
		29DFBC7618F505DB0071CBB5 /* Debug */ = {
			isa = XCBuildConfiguration;
			buildSettings = {
				ALWAYS_SEARCH_USER_PATHS = NO;
				CLANG_CXX_LANGUAGE_STANDARD = "gnu++0x";
				CLANG_CXX_LIBRARY = "libc++";
				CLANG_WARN_CONSTANT_CONVERSION = YES;
				CLANG_WARN_EMPTY_BODY = YES;
				CLANG_WARN_ENUM_CONVERSION = YES;
				CLANG_WARN_INT_CONVERSION = YES;
				CLANG_WARN__DUPLICATE_METHOD_MATCH = YES;
				"CODE_SIGN_IDENTITY[sdk=iphoneos*]" = "iPhone Developer";
				COPY_PHASE_STRIP = NO;
				GCC_C_LANGUAGE_STANDARD = gnu99;
				GCC_DYNAMIC_NO_PIC = NO;
				GCC_OPTIMIZATION_LEVEL = 0;
				GCC_PREPROCESSOR_DEFINITIONS = (
					"DEBUG=1",
					"$(inherited)",
				);
				GCC_SYMBOLS_PRIVATE_EXTERN = NO;
				GCC_WARN_ABOUT_RETURN_TYPE = YES;
				GCC_WARN_UNINITIALIZED_AUTOS = YES;
				GCC_WARN_UNUSED_VARIABLE = YES;
				IPHONEOS_DEPLOYMENT_TARGET = 6.1;
				ONLY_ACTIVE_ARCH = YES;
				SDKROOT = iphoneos;
			};
			name = Debug;
		};
		29DFBC7718F505DB0071CBB5 /* Release */ = {
			isa = XCBuildConfiguration;
			buildSettings = {
				ALWAYS_SEARCH_USER_PATHS = NO;
				CLANG_CXX_LANGUAGE_STANDARD = "gnu++0x";
				CLANG_CXX_LIBRARY = "libc++";
				CLANG_WARN_CONSTANT_CONVERSION = YES;
				CLANG_WARN_EMPTY_BODY = YES;
				CLANG_WARN_ENUM_CONVERSION = YES;
				CLANG_WARN_INT_CONVERSION = YES;
				CLANG_WARN__DUPLICATE_METHOD_MATCH = YES;
				"CODE_SIGN_IDENTITY[sdk=iphoneos*]" = "iPhone Developer";
				COPY_PHASE_STRIP = YES;
				GCC_C_LANGUAGE_STANDARD = gnu99;
				GCC_WARN_ABOUT_RETURN_TYPE = YES;
				GCC_WARN_UNINITIALIZED_AUTOS = YES;
				GCC_WARN_UNUSED_VARIABLE = YES;
				IPHONEOS_DEPLOYMENT_TARGET = 6.1;
				OTHER_CFLAGS = "-DNS_BLOCK_ASSERTIONS=1";
				SDKROOT = iphoneos;
				VALIDATE_PRODUCT = YES;
			};
			name = Release;
		};
		29DFBC7918F505DB0071CBB5 /* Debug */ = {
			isa = XCBuildConfiguration;
			buildSettings = {
				GCC_PRECOMPILE_PREFIX_HEADER = YES;
				GCC_PREFIX_HEADER = "MentalMath/MentalMath-Prefix.pch";
				INFOPLIST_FILE = "MentalMath/MentalMath-Info.plist";
				PRODUCT_NAME = "$(TARGET_NAME)";
				WRAPPER_EXTENSION = app;
			};
			name = Debug;
		};
		29DFBC7A18F505DB0071CBB5 /* Release */ = {
			isa = XCBuildConfiguration;
			buildSettings = {
				GCC_PRECOMPILE_PREFIX_HEADER = YES;
				GCC_PREFIX_HEADER = "MentalMath/MentalMath-Prefix.pch";
				INFOPLIST_FILE = "MentalMath/MentalMath-Info.plist";
				PRODUCT_NAME = "$(TARGET_NAME)";
				WRAPPER_EXTENSION = app;
			};
			name = Release;
		};
/* End XCBuildConfiguration section */

/* Begin XCConfigurationList section */
		29DFBC5018F505DB0071CBB5 /* Build configuration list for PBXProject "MentalMath" */ = {
			isa = XCConfigurationList;
			buildConfigurations = (
				29DFBC7618F505DB0071CBB5 /* Debug */,
				29DFBC7718F505DB0071CBB5 /* Release */,
			);
			defaultConfigurationIsVisible = 0;
			defaultConfigurationName = Release;
		};
		29DFBC7818F505DB0071CBB5 /* Build configuration list for PBXNativeTarget "MentalMath" */ = {
			isa = XCConfigurationList;
			buildConfigurations = (
				29DFBC7918F505DB0071CBB5 /* Debug */,
				29DFBC7A18F505DB0071CBB5 /* Release */,
			);
			defaultConfigurationIsVisible = 0;
		};
/* End XCConfigurationList section */
	};
	rootObject = 29DFBC4D18F505DB0071CBB5 /* Project object */;
}
